
Microsoft Visual Studio Solution File, Format Version 12.00
# Visual Studio Version 16
VisualStudioVersion = 16.0.30717.126
MinimumVisualStudioVersion = 10.0.40219.1
Project("{9A19103F-16F7-4668-BE54-9A1E7A4F7556}") = "EntityModel", "EntityModel\EntityModel.csproj", "{1354FF46-6AC1-43C5-B716-E424C3C4234E}"
EndProject
Project("{9A19103F-16F7-4668-BE54-9A1E7A4F7556}") = "QPAS", "QPAS\QPAS.csproj", "{55299B5B-3761-46FD-83B1-5073C6CFC5BF}"
EndProject
Project("{9A19103F-16F7-4668-BE54-9A1E7A4F7556}") = "QPASTest", "QPASTest\QPASTest.csproj", "{74562557-18A0-4969-995A-D5BDB1623656}"
EndProject
Global
	GlobalSection(SolutionConfigurationPlatforms) = preSolution
		Debug|Any CPU = Debug|Any CPU
		DebugLocal|Any CPU = DebugLocal|Any CPU
		Release|Any CPU = Release|Any CPU
	EndGlobalSection
	GlobalSection(ProjectConfigurationPlatforms) = postSolution
		{1354FF46-6AC1-43C5-B716-E424C3C4234E}.Debug|Any CPU.ActiveCfg = Debug|Any CPU
		{1354FF46-6AC1-43C5-B716-E424C3C4234E}.Debug|Any CPU.Build.0 = Debug|Any CPU
		{1354FF46-6AC1-43C5-B716-E424C3C4234E}.DebugLocal|Any CPU.ActiveCfg = Debug|Any CPU
		{1354FF46-6AC1-43C5-B716-E424C3C4234E}.DebugLocal|Any CPU.Build.0 = Debug|Any CPU
		{1354FF46-6AC1-43C5-B716-E424C3C4234E}.Release|Any CPU.ActiveCfg = Release|Any CPU
		{1354FF46-6AC1-43C5-B716-E424C3C4234E}.Release|Any CPU.Build.0 = Release|Any CPU
		{55299B5B-3761-46FD-83B1-5073C6CFC5BF}.Debug|Any CPU.ActiveCfg = Debug|Any CPU
		{55299B5B-3761-46FD-83B1-5073C6CFC5BF}.Debug|Any CPU.Build.0 = Debug|Any CPU
		{55299B5B-3761-46FD-83B1-5073C6CFC5BF}.DebugLocal|Any CPU.ActiveCfg = Debug|Any CPU
		{55299B5B-3761-46FD-83B1-5073C6CFC5BF}.DebugLocal|Any CPU.Build.0 = Debug|Any CPU
		{55299B5B-3761-46FD-83B1-5073C6CFC5BF}.Release|Any CPU.ActiveCfg = Release|Any CPU
		{55299B5B-3761-46FD-83B1-5073C6CFC5BF}.Release|Any CPU.Build.0 = Release|Any CPU
		{74562557-18A0-4969-995A-D5BDB1623656}.Debug|Any CPU.ActiveCfg = Debug|Any CPU
		{74562557-18A0-4969-995A-D5BDB1623656}.Debug|Any CPU.Build.0 = Debug|Any CPU
		{74562557-18A0-4969-995A-D5BDB1623656}.DebugLocal|Any CPU.ActiveCfg = Debug|Any CPU
		{74562557-18A0-4969-995A-D5BDB1623656}.DebugLocal|Any CPU.Build.0 = Debug|Any CPU
		{74562557-18A0-4969-995A-D5BDB1623656}.Release|Any CPU.ActiveCfg = Release|Any CPU
		{74562557-18A0-4969-995A-D5BDB1623656}.Release|Any CPU.Build.0 = Release|Any CPU
	EndGlobalSection
	GlobalSection(SolutionProperties) = preSolution
		HideSolutionNode = FALSE
	EndGlobalSection
	GlobalSection(ExtensibilityGlobals) = postSolution
		SolutionGuid = {36FB255A-489E-46BF-8E21-CF2AEF96A8B5}
	EndGlobalSection
EndGlobal
